// !$*UTF8*$!
{
	archiveVersion = 1;
	classes = {
	};
	objectVersion = 56;
	objects = {

/* Begin PBXBuildFile section */
		2143C2BC2C4B6FBB00F65F01 /* CloudView.swift in Sources */ = {isa = PBXBuildFile; fileRef = 2143C2BB2C4B6FBB00F65F01 /* CloudView.swift */; };
		214B95A02C4A92D700AB385D /* SkeletonView.swift in Sources */ = {isa = PBXBuildFile; fileRef = 214B959F2C4A92D700AB385D /* SkeletonView.swift */; };
		216BE3822C477B6100CB464A /* lampLightViewApp.swift in Sources */ = {isa = PBXBuildFile; fileRef = 216BE3812C477B6100CB464A /* lampLightViewApp.swift */; };
		216BE3842C477B6100CB464A /* ContentView.swift in Sources */ = {isa = PBXBuildFile; fileRef = 216BE3832C477B6100CB464A /* ContentView.swift */; };
		216BE3862C477B6300CB464A /* Assets.xcassets in Resources */ = {isa = PBXBuildFile; fileRef = 216BE3852C477B6300CB464A /* Assets.xcassets */; };
		216BE3892C477B6300CB464A /* Preview Assets.xcassets in Resources */ = {isa = PBXBuildFile; fileRef = 216BE3882C477B6300CB464A /* Preview Assets.xcassets */; };
		216BE3932C477BA700CB464A /* LampLightView.swift in Sources */ = {isa = PBXBuildFile; fileRef = 216BE3922C477BA600CB464A /* LampLightView.swift */; };
		218972DC2C48EA8C00563605 /* AppleLogoView.swift in Sources */ = {isa = PBXBuildFile; fileRef = 218972DB2C48EA8C00563605 /* AppleLogoView.swift */; };
		2198DEAE2C4A0FF100E496F2 /* HeartView.swift in Sources */ = {isa = PBXBuildFile; fileRef = 2198DEAD2C4A0FF100E496F2 /* HeartView.swift */; };
/* End PBXBuildFile section */

/* Begin PBXFileReference section */
		2143C2BB2C4B6FBB00F65F01 /* CloudView.swift */ = {isa = PBXFileReference; lastKnownFileType = sourcecode.swift; path = CloudView.swift; sourceTree = "<group>"; };
		214B959F2C4A92D700AB385D /* SkeletonView.swift */ = {isa = PBXFileReference; lastKnownFileType = sourcecode.swift; path = SkeletonView.swift; sourceTree = "<group>"; };
		216BE37E2C477B6100CB464A /* lampLightView.app */ = {isa = PBXFileReference; explicitFileType = wrapper.application; includeInIndex = 0; path = lampLightView.app; sourceTree = BUILT_PRODUCTS_DIR; };
		216BE3812C477B6100CB464A /* lampLightViewApp.swift */ = {isa = PBXFileReference; lastKnownFileType = sourcecode.swift; path = lampLightViewApp.swift; sourceTree = "<group>"; };
		216BE3832C477B6100CB464A /* ContentView.swift */ = {isa = PBXFileReference; lastKnownFileType = sourcecode.swift; path = ContentView.swift; sourceTree = "<group>"; };
		216BE3852C477B6300CB464A /* Assets.xcassets */ = {isa = PBXFileReference; lastKnownFileType = folder.assetcatalog; path = Assets.xcassets; sourceTree = "<group>"; };
		216BE3882C477B6300CB464A /* Preview Assets.xcassets */ = {isa = PBXFileReference; lastKnownFileType = folder.assetcatalog; path = "Preview Assets.xcassets"; sourceTree = "<group>"; };
		216BE3922C477BA600CB464A /* LampLightView.swift */ = {isa = PBXFileReference; lastKnownFileType = sourcecode.swift; path = LampLightView.swift; sourceTree = "<group>"; };
		218972DB2C48EA8C00563605 /* AppleLogoView.swift */ = {isa = PBXFileReference; lastKnownFileType = sourcecode.swift; path = AppleLogoView.swift; sourceTree = "<group>"; };
		2198DEAD2C4A0FF100E496F2 /* HeartView.swift */ = {isa = PBXFileReference; lastKnownFileType = sourcecode.swift; path = HeartView.swift; sourceTree = "<group>"; };
/* End PBXFileReference section */

/* Begin PBXFrameworksBuildPhase section */
		216BE37B2C477B6100CB464A /* Frameworks */ = {
			isa = PBXFrameworksBuildPhase;
			buildActionMask = 2147483647;
			files = (
			);
			runOnlyForDeploymentPostprocessing = 0;
		};
/* End PBXFrameworksBuildPhase section */

/* Begin PBXGroup section */
		216BE3752C477B6100CB464A = {
			isa = PBXGroup;
			children = (
				216BE3802C477B6100CB464A /* lampLightView */,
				216BE37F2C477B6100CB464A /* Products */,
			);
			sourceTree = "<group>";
		};
		216BE37F2C477B6100CB464A /* Products */ = {
			isa = PBXGroup;
			children = (
				216BE37E2C477B6100CB464A /* lampLightView.app */,
			);
			name = Products;
			sourceTree = "<group>";
		};
		216BE3802C477B6100CB464A /* lampLightView */ = {
			isa = PBXGroup;
			children = (
				216BE3812C477B6100CB464A /* lampLightViewApp.swift */,
				216BE38F2C477B7B00CB464A /* Main */,
				216BE3852C477B6300CB464A /* Assets.xcassets */,
				216BE3872C477B6300CB464A /* Preview Content */,
			);
			path = lampLightView;
			sourceTree = "<group>";
		};
		216BE3872C477B6300CB464A /* Preview Content */ = {
			isa = PBXGroup;
			children = (
				216BE3882C477B6300CB464A /* Preview Assets.xcassets */,
			);
			path = "Preview Content";
			sourceTree = "<group>";
		};
		216BE38F2C477B7B00CB464A /* Main */ = {
			isa = PBXGroup;
			children = (
				216BE3902C477B8800CB464A /* View */,
				216BE3832C477B6100CB464A /* ContentView.swift */,
			);
			path = Main;
			sourceTree = "<group>";
		};
		216BE3902C477B8800CB464A /* View */ = {
			isa = PBXGroup;
			children = (
				216BE3922C477BA600CB464A /* LampLightView.swift */,
				218972DB2C48EA8C00563605 /* AppleLogoView.swift */,
				214B959F2C4A92D700AB385D /* SkeletonView.swift */,
				2143C2BB2C4B6FBB00F65F01 /* CloudView.swift */,
				2198DEAD2C4A0FF100E496F2 /* HeartView.swift */,
			);
			path = View;
			sourceTree = "<group>";
		};
/* End PBXGroup section */

/* Begin PBXNativeTarget section */
		216BE37D2C477B6100CB464A /* lampLightView */ = {
			isa = PBXNativeTarget;
			buildConfigurationList = 216BE38C2C477B6300CB464A /* Build configuration list for PBXNativeTarget "lampLightView" */;
			buildPhases = (
				216BE37A2C477B6100CB464A /* Sources */,
				216BE37B2C477B6100CB464A /* Frameworks */,
				216BE37C2C477B6100CB464A /* Resources */,
			);
			buildRules = (
			);
			dependencies = (
			);
			name = lampLightView;
			productName = lampLightView;
			productReference = 216BE37E2C477B6100CB464A /* lampLightView.app */;
			productType = "com.apple.product-type.application";
		};
/* End PBXNativeTarget section */

/* Begin PBXProject section */
		216BE3762C477B6100CB464A /* Project object */ = {
			isa = PBXProject;
			attributes = {
				BuildIndependentTargetsInParallel = 1;
				LastSwiftUpdateCheck = 1500;
				LastUpgradeCheck = 1500;
				TargetAttributes = {
					216BE37D2C477B6100CB464A = {
						CreatedOnToolsVersion = 15.0.1;
					};
				};
			};
			buildConfigurationList = 216BE3792C477B6100CB464A /* Build configuration list for PBXProject "lampLightView" */;
			compatibilityVersion = "Xcode 14.0";
			developmentRegion = en;
			hasScannedForEncodings = 0;
			knownRegions = (
				en,
				Base,
			);
			mainGroup = 216BE3752C477B6100CB464A;
			productRefGroup = 216BE37F2C477B6100CB464A /* Products */;
			projectDirPath = "";
			projectRoot = "";
			targets = (
				216BE37D2C477B6100CB464A /* lampLightView */,
			);
		};
/* End PBXProject section */

/* Begin PBXResourcesBuildPhase section */
		216BE37C2C477B6100CB464A /* Resources */ = {
			isa = PBXResourcesBuildPhase;
			buildActionMask = 2147483647;
			files = (
				216BE3892C477B6300CB464A /* Preview Assets.xcassets in Resources */,
				216BE3862C477B6300CB464A /* Assets.xcassets in Resources */,
			);
			runOnlyForDeploymentPostprocessing = 0;
		};
/* End PBXResourcesBuildPhase section */

/* Begin PBXSourcesBuildPhase section */
		216BE37A2C477B6100CB464A /* Sources */ = {
			isa = PBXSourcesBuildPhase;
			buildActionMask = 2147483647;
			files = (
				218972DC2C48EA8C00563605 /* AppleLogoView.swift in Sources */,
				216BE3842C477B6100CB464A /* ContentView.swift in Sources */,
				216BE3822C477B6100CB464A /* lampLightViewApp.swift in Sources */,
				2198DEAE2C4A0FF100E496F2 /* HeartView.swift in Sources */,
				216BE3932C477BA700CB464A /* LampLightView.swift in Sources */,
				214B95A02C4A92D700AB385D /* SkeletonView.swift in Sources */,
				2143C2BC2C4B6FBB00F65F01 /* CloudView.swift in Sources */,
			);
			runOnlyForDeploymentPostprocessing = 0;
		};
/* End PBXSourcesBuildPhase section */

/* Begin XCBuildConfiguration section */
		216BE38A2C477B6300CB464A /* Debug */ = {
			isa = XCBuildConfiguration;
			buildSettings = {
				ALWAYS_SEARCH_USER_PATHS = NO;
				ASSETCATALOG_COMPILER_GENERATE_SWIFT_ASSET_SYMBOL_EXTENSIONS = YES;
				CLANG_ANALYZER_NONNULL = YES;
				CLANG_ANALYZER_NUMBER_OBJECT_CONVERSION = YES_AGGRESSIVE;
				CLANG_CXX_LANGUAGE_STANDARD = "gnu++20";
				CLANG_ENABLE_MODULES = YES;
				CLANG_ENABLE_OBJC_ARC = YES;
				CLANG_ENABLE_OBJC_WEAK = YES;
				CLANG_WARN_BLOCK_CAPTURE_AUTORELEASING = YES;
				CLANG_WARN_BOOL_CONVERSION = YES;
				CLANG_WARN_COMMA = YES;
				CLANG_WARN_CONSTANT_CONVERSION = YES;
				CLANG_WARN_DEPRECATED_OBJC_IMPLEMENTATIONS = YES;
				CLANG_WARN_DIRECT_OBJC_ISA_USAGE = YES_ERROR;
				CLANG_WARN_DOCUMENTATION_COMMENTS = YES;
				CLANG_WARN_EMPTY_BODY = YES;
				CLANG_WARN_ENUM_CONVERSION = YES;
				CLANG_WARN_INFINITE_RECURSION = YES;
				CLANG_WARN_INT_CONVERSION = YES;
				CLANG_WARN_NON_LITERAL_NULL_CONVERSION = YES;
				CLANG_WARN_OBJC_IMPLICIT_RETAIN_SELF = YES;
				CLANG_WARN_OBJC_LITERAL_CONVERSION = YES;
				CLANG_WARN_OBJC_ROOT_CLASS = YES_ERROR;
				CLANG_WARN_QUOTED_INCLUDE_IN_FRAMEWORK_HEADER = YES;
				CLANG_WARN_RANGE_LOOP_ANALYSIS = YES;
				CLANG_WARN_STRICT_PROTOTYPES = YES;
				CLANG_WARN_SUSPICIOUS_MOVE = YES;
				CLANG_WARN_UNGUARDED_AVAILABILITY = YES_AGGRESSIVE;
				CLANG_WARN_UNREACHABLE_CODE = YES;
				CLANG_WARN__DUPLICATE_METHOD_MATCH = YES;
				COPY_PHASE_STRIP = NO;
				DEBUG_INFORMATION_FORMAT = dwarf;
				ENABLE_STRICT_OBJC_MSGSEND = YES;
				ENABLE_TESTABILITY = YES;
				ENABLE_USER_SCRIPT_SANDBOXING = YES;
				GCC_C_LANGUAGE_STANDARD = gnu17;
				GCC_DYNAMIC_NO_PIC = NO;
				GCC_NO_COMMON_BLOCKS = YES;
				GCC_OPTIMIZATION_LEVEL = 0;
				GCC_PREPROCESSOR_DEFINITIONS = (
					"DEBUG=1",
					"$(inherited)",
				);
				GCC_WARN_64_TO_32_BIT_CONVERSION = YES;
				GCC_WARN_ABOUT_RETURN_TYPE = YES_ERROR;
				GCC_WARN_UNDECLARED_SELECTOR = YES;
				GCC_WARN_UNINITIALIZED_AUTOS = YES_AGGRESSIVE;
				GCC_WARN_UNUSED_FUNCTION = YES;
				GCC_WARN_UNUSED_VARIABLE = YES;
				IPHONEOS_DEPLOYMENT_TARGET = 17.0;
				LOCALIZATION_PREFERS_STRING_CATALOGS = YES;
				MTL_ENABLE_DEBUG_INFO = INCLUDE_SOURCE;
				MTL_FAST_MATH = YES;
				ONLY_ACTIVE_ARCH = YES;
				SDKROOT = iphoneos;
				SWIFT_ACTIVE_COMPILATION_CONDITIONS = "DEBUG $(inherited)";
				SWIFT_OPTIMIZATION_LEVEL = "-Onone";
			};
			name = Debug;
		};
		216BE38B2C477B6300CB464A /* Release */ = {
			isa = XCBuildConfiguration;
			buildSettings = {
				ALWAYS_SEARCH_USER_PATHS = NO;
				ASSETCATALOG_COMPILER_GENERATE_SWIFT_ASSET_SYMBOL_EXTENSIONS = YES;
				CLANG_ANALYZER_NONNULL = YES;
				CLANG_ANALYZER_NUMBER_OBJECT_CONVERSION = YES_AGGRESSIVE;
				CLANG_CXX_LANGUAGE_STANDARD = "gnu++20";
				CLANG_ENABLE_MODULES = YES;
				CLANG_ENABLE_OBJC_ARC = YES;
				CLANG_ENABLE_OBJC_WEAK = YES;
				CLANG_WARN_BLOCK_CAPTURE_AUTORELEASING = YES;
				CLANG_WARN_BOOL_CONVERSION = YES;
				CLANG_WARN_COMMA = YES;
				CLANG_WARN_CONSTANT_CONVERSION = YES;
				CLANG_WARN_DEPRECATED_OBJC_IMPLEMENTATIONS = YES;
				CLANG_WARN_DIRECT_OBJC_ISA_USAGE = YES_ERROR;
				CLANG_WARN_DOCUMENTATION_COMMENTS = YES;
				CLANG_WARN_EMPTY_BODY = YES;
				CLANG_WARN_ENUM_CONVERSION = YES;
				CLANG_WARN_INFINITE_RECURSION = YES;
				CLANG_WARN_INT_CONVERSION = YES;
				CLANG_WARN_NON_LITERAL_NULL_CONVERSION = YES;
				CLANG_WARN_OBJC_IMPLICIT_RETAIN_SELF = YES;
				CLANG_WARN_OBJC_LITERAL_CONVERSION = YES;
				CLANG_WARN_OBJC_ROOT_CLASS = YES_ERROR;
				CLANG_WARN_QUOTED_INCLUDE_IN_FRAMEWORK_HEADER = YES;
				CLANG_WARN_RANGE_LOOP_ANALYSIS = YES;
				CLANG_WARN_STRICT_PROTOTYPES = YES;
				CLANG_WARN_SUSPICIOUS_MOVE = YES;
				CLANG_WARN_UNGUARDED_AVAILABILITY = YES_AGGRESSIVE;
				CLANG_WARN_UNREACHABLE_CODE = YES;
				CLANG_WARN__DUPLICATE_METHOD_MATCH = YES;
				COPY_PHASE_STRIP = NO;
				DEBUG_INFORMATION_FORMAT = "dwarf-with-dsym";
				ENABLE_NS_ASSERTIONS = NO;
				ENABLE_STRICT_OBJC_MSGSEND = YES;
				ENABLE_USER_SCRIPT_SANDBOXING = YES;
				GCC_C_LANGUAGE_STANDARD = gnu17;
				GCC_NO_COMMON_BLOCKS = YES;
				GCC_WARN_64_TO_32_BIT_CONVERSION = YES;
				GCC_WARN_ABOUT_RETURN_TYPE = YES_ERROR;
				GCC_WARN_UNDECLARED_SELECTOR = YES;
				GCC_WARN_UNINITIALIZED_AUTOS = YES_AGGRESSIVE;
				GCC_WARN_UNUSED_FUNCTION = YES;
				GCC_WARN_UNUSED_VARIABLE = YES;
				IPHONEOS_DEPLOYMENT_TARGET = 17.0;
				LOCALIZATION_PREFERS_STRING_CATALOGS = YES;
				MTL_ENABLE_DEBUG_INFO = NO;
				MTL_FAST_MATH = YES;
				SDKROOT = iphoneos;
				SWIFT_COMPILATION_MODE = wholemodule;
				VALIDATE_PRODUCT = YES;
			};
			name = Release;
		};
		216BE38D2C477B6300CB464A /* Debug */ = {
			isa = XCBuildConfiguration;
			buildSettings = {
				ASSETCATALOG_COMPILER_APPICON_NAME = AppIcon;
				ASSETCATALOG_COMPILER_GLOBAL_ACCENT_COLOR_NAME = AccentColor;
				CODE_SIGN_STYLE = Automatic;
				CURRENT_PROJECT_VERSION = 1;
				DEVELOPMENT_ASSET_PATHS = "\"lampLightView/Preview Content\"";
				ENABLE_PREVIEWS = YES;
				GENERATE_INFOPLIST_FILE = YES;
				INFOPLIST_KEY_UIApplicationSceneManifest_Generation = YES;
				INFOPLIST_KEY_UIApplicationSupportsIndirectInputEvents = YES;
				INFOPLIST_KEY_UILaunchScreen_Generation = YES;
				INFOPLIST_KEY_UISupportedInterfaceOrientations_iPad = "UIInterfaceOrientationPortrait UIInterfaceOrientationPortraitUpsideDown UIInterfaceOrientationLandscapeLeft UIInterfaceOrientationLandscapeRight";
				INFOPLIST_KEY_UISupportedInterfaceOrientations_iPhone = "UIInterfaceOrientationPortrait UIInterfaceOrientationLandscapeLeft UIInterfaceOrientationLandscapeRight";
				LD_RUNPATH_SEARCH_PATHS = (
					"$(inherited)",
					"@executable_path/Frameworks",
				);
				MARKETING_VERSION = 1.0;
				PRODUCT_BUNDLE_IDENTIFIER = nishanvibikavi.lampLightView;
				PRODUCT_NAME = "$(TARGET_NAME)";
				SWIFT_EMIT_LOC_STRINGS = YES;
				SWIFT_VERSION = 5.0;
				TARGETED_DEVICE_FAMILY = "1,2";
			};
			name = Debug;
		};
		216BE38E2C477B6300CB464A /* Release */ = {
			isa = XCBuildConfiguration;
			buildSettings = {
				ASSETCATALOG_COMPILER_APPICON_NAME = AppIcon;
				ASSETCATALOG_COMPILER_GLOBAL_ACCENT_COLOR_NAME = AccentColor;
				CODE_SIGN_STYLE = Automatic;
				CURRENT_PROJECT_VERSION = 1;
				DEVELOPMENT_ASSET_PATHS = "\"lampLightView/Preview Content\"";
				ENABLE_PREVIEWS = YES;
				GENERATE_INFOPLIST_FILE = YES;
				INFOPLIST_KEY_UIApplicationSceneManifest_Generation = YES;
				INFOPLIST_KEY_UIApplicationSupportsIndirectInputEvents = YES;
				INFOPLIST_KEY_UILaunchScreen_Generation = YES;
				INFOPLIST_KEY_UISupportedInterfaceOrientations_iPad = "UIInterfaceOrientationPortrait UIInterfaceOrientationPortraitUpsideDown UIInterfaceOrientationLandscapeLeft UIInterfaceOrientationLandscapeRight";
				INFOPLIST_KEY_UISupportedInterfaceOrientations_iPhone = "UIInterfaceOrientationPortrait UIInterfaceOrientationLandscapeLeft UIInterfaceOrientationLandscapeRight";
				LD_RUNPATH_SEARCH_PATHS = (
					"$(inherited)",
					"@executable_path/Frameworks",
				);
				MARKETING_VERSION = 1.0;
				PRODUCT_BUNDLE_IDENTIFIER = nishanvibikavi.lampLightView;
				PRODUCT_NAME = "$(TARGET_NAME)";
				SWIFT_EMIT_LOC_STRINGS = YES;
				SWIFT_VERSION = 5.0;
				TARGETED_DEVICE_FAMILY = "1,2";
			};
			name = Release;
		};
/* End XCBuildConfiguration section */

/* Begin XCConfigurationList section */
		216BE3792C477B6100CB464A /* Build configuration list for PBXProject "lampLightView" */ = {
			isa = XCConfigurationList;
			buildConfigurations = (
				216BE38A2C477B6300CB464A /* Debug */,
				216BE38B2C477B6300CB464A /* Release */,
			);
			defaultConfigurationIsVisible = 0;
			defaultConfigurationName = Release;
		};
		216BE38C2C477B6300CB464A /* Build configuration list for PBXNativeTarget "lampLightView" */ = {
			isa = XCConfigurationList;
			buildConfigurations = (
				216BE38D2C477B6300CB464A /* Debug */,
				216BE38E2C477B6300CB464A /* Release */,
			);
			defaultConfigurationIsVisible = 0;
			defaultConfigurationName = Release;
		};
/* End XCConfigurationList section */
	};
	rootObject = 216BE3762C477B6100CB464A /* Project object */;
}
